
Microsoft Visual Studio Solution File, Format Version 12.00
# Visual Studio Version 16
VisualStudioVersion = 16.0.29509.3
MinimumVisualStudioVersion = 10.0.40219.1
Project("{9A19103F-16F7-4668-BE54-9A1E7A4F7556}") = "GeodeticEngine", "GeodeticEngine\GeodeticEngine.csproj", "{F3CCBA3D-BE8B-4C8A-BB7B-8F8C0FB16EAF}"
EndProject
Project("{FAE04EC0-301F-11D3-BF4B-00C04F79EFBC}") = "GeodeticEngine.Tests", "GeodeticEngine.Tests\GeodeticEngine.Tests.csproj", "{3EA892A6-1375-45EE-A864-CDB70163595D}"
EndProject
Global
	GlobalSection(SolutionConfigurationPlatforms) = preSolution
		Debug|Any CPU = Debug|Any CPU
		Release|Any CPU = Release|Any CPU
	EndGlobalSection
	GlobalSection(ProjectConfigurationPlatforms) = postSolution
		{F3CCBA3D-BE8B-4C8A-BB7B-8F8C0FB16EAF}.Debug|Any CPU.ActiveCfg = Debug|Any CPU
		{F3CCBA3D-BE8B-4C8A-BB7B-8F8C0FB16EAF}.Debug|Any CPU.Build.0 = Debug|Any CPU
		{F3CCBA3D-BE8B-4C8A-BB7B-8F8C0FB16EAF}.Release|Any CPU.ActiveCfg = Release|Any CPU
		{F3CCBA3D-BE8B-4C8A-BB7B-8F8C0FB16EAF}.Release|Any CPU.Build.0 = Release|Any CPU
		{3EA892A6-1375-45EE-A864-CDB70163595D}.Debug|Any CPU.ActiveCfg = Debug|Any CPU
		{3EA892A6-1375-45EE-A864-CDB70163595D}.Debug|Any CPU.Build.0 = Debug|Any CPU
		{3EA892A6-1375-45EE-A864-CDB70163595D}.Release|Any CPU.ActiveCfg = Release|Any CPU
		{3EA892A6-1375-45EE-A864-CDB70163595D}.Release|Any CPU.Build.0 = Release|Any CPU
	EndGlobalSection
	GlobalSection(SolutionProperties) = preSolution
		HideSolutionNode = FALSE
	EndGlobalSection
	GlobalSection(ExtensibilityGlobals) = postSolution
		SolutionGuid = {08FD6E2C-5D0B-4840-A513-B6AC4370C74E}
	EndGlobalSection
EndGlobal
